
Microsoft Visual Studio Solution File, Format Version 12.00
# Visual Studio 15
VisualStudioVersion = 15.0.28010.2048
MinimumVisualStudioVersion = 10.0.40219.1
Project("{FAE04EC0-301F-11D3-BF4B-00C04F79EFBC}") = "Payroll", "Payroll\Payroll.csproj", "{473DF17A-1D76-4628-BA6E-AF79EF51B8C4}"
EndProject
Project("{FAE04EC0-301F-11D3-BF4B-00C04F79EFBC}") = "BusinessLogic", "BusinessLogic\BusinessLogic.csproj", "{7489FB4B-8D41-4B5B-9EF5-0D325EE3A353}"
EndProject
Project("{FAE04EC0-301F-11D3-BF4B-00C04F79EFBC}") = "DataAccess", "DataAccess\DataAccess.csproj", "{53B1B1F2-26DC-4B4A-8E04-7D7C5D1CD164}"
EndProject
Project("{FAE04EC0-301F-11D3-BF4B-00C04F79EFBC}") = "Constants", "Constants\Constants.csproj", "{2FEF7FD5-1F47-4FD0-9028-CC6DC07B039F}"
EndProject
Project("{FAE04EC0-301F-11D3-BF4B-00C04F79EFBC}") = "PayrollTest", "PayrollTest\PayrollTest.csproj", "{8252AB8D-FDDF-4782-BD99-0D3693EA5187}"
EndProject
Global
	GlobalSection(SolutionConfigurationPlatforms) = preSolution
		Debug|Any CPU = Debug|Any CPU
		Release|Any CPU = Release|Any CPU
	EndGlobalSection
	GlobalSection(ProjectConfigurationPlatforms) = postSolution
		{473DF17A-1D76-4628-BA6E-AF79EF51B8C4}.Debug|Any CPU.ActiveCfg = Debug|Any CPU
		{473DF17A-1D76-4628-BA6E-AF79EF51B8C4}.Debug|Any CPU.Build.0 = Debug|Any CPU
		{473DF17A-1D76-4628-BA6E-AF79EF51B8C4}.Release|Any CPU.ActiveCfg = Release|Any CPU
		{473DF17A-1D76-4628-BA6E-AF79EF51B8C4}.Release|Any CPU.Build.0 = Release|Any CPU
		{7489FB4B-8D41-4B5B-9EF5-0D325EE3A353}.Debug|Any CPU.ActiveCfg = Debug|Any CPU
		{7489FB4B-8D41-4B5B-9EF5-0D325EE3A353}.Debug|Any CPU.Build.0 = Debug|Any CPU
		{7489FB4B-8D41-4B5B-9EF5-0D325EE3A353}.Release|Any CPU.ActiveCfg = Release|Any CPU
		{7489FB4B-8D41-4B5B-9EF5-0D325EE3A353}.Release|Any CPU.Build.0 = Release|Any CPU
		{53B1B1F2-26DC-4B4A-8E04-7D7C5D1CD164}.Debug|Any CPU.ActiveCfg = Debug|Any CPU
		{53B1B1F2-26DC-4B4A-8E04-7D7C5D1CD164}.Debug|Any CPU.Build.0 = Debug|Any CPU
		{53B1B1F2-26DC-4B4A-8E04-7D7C5D1CD164}.Release|Any CPU.ActiveCfg = Release|Any CPU
		{53B1B1F2-26DC-4B4A-8E04-7D7C5D1CD164}.Release|Any CPU.Build.0 = Release|Any CPU
		{2FEF7FD5-1F47-4FD0-9028-CC6DC07B039F}.Debug|Any CPU.ActiveCfg = Debug|Any CPU
		{2FEF7FD5-1F47-4FD0-9028-CC6DC07B039F}.Debug|Any CPU.Build.0 = Debug|Any CPU
		{2FEF7FD5-1F47-4FD0-9028-CC6DC07B039F}.Release|Any CPU.ActiveCfg = Release|Any CPU
		{2FEF7FD5-1F47-4FD0-9028-CC6DC07B039F}.Release|Any CPU.Build.0 = Release|Any CPU
		{8252AB8D-FDDF-4782-BD99-0D3693EA5187}.Debug|Any CPU.ActiveCfg = Debug|Any CPU
		{8252AB8D-FDDF-4782-BD99-0D3693EA5187}.Debug|Any CPU.Build.0 = Debug|Any CPU
		{8252AB8D-FDDF-4782-BD99-0D3693EA5187}.Release|Any CPU.ActiveCfg = Release|Any CPU
		{8252AB8D-FDDF-4782-BD99-0D3693EA5187}.Release|Any CPU.Build.0 = Release|Any CPU
	EndGlobalSection
	GlobalSection(SolutionProperties) = preSolution
		HideSolutionNode = FALSE
	EndGlobalSection
	GlobalSection(ExtensibilityGlobals) = postSolution
		SolutionGuid = {56A5F51B-7D3A-4917-8DDF-00B993A07B4A}
	EndGlobalSection
EndGlobal
